PODS:
  - Alamofire (5.6.2)
  - AppAuth (1.5.0):
    - AppAuth/Core (= 1.5.0)
    - AppAuth/ExternalUserAgent (= 1.5.0)
  - AppAuth/Core (1.5.0)
  - AppAuth/ExternalUserAgent (1.5.0):
    - AppAuth/Core
  - Cosmos (23.0.0)
  - DPOTPView (1.5.12)
  - FSCalendar (2.8.4)
  - FSPagerView (0.8.3)
  - GoogleSignIn (6.2.3):
    - AppAuth (~> 1.5)
    - GTMAppAuth (~> 1.3)
    - GTMSessionFetcher/Core (~> 1.1)
  - GTMAppAuth (1.3.0):
    - AppAuth/Core (~> 1.4)
    - GTMSessionFetcher/Core (~> 1.5)
  - GTMSessionFetcher/Core (1.7.2)
  - IQKeyboardManagerSwift (6.5.9)
  - KeychainAccess (4.2.2)
  - NVActivityIndicatorView (5.1.1):
    - NVActivityIndicatorView/Base (= 5.1.1)
  - NVActivityIndicatorView/Base (5.1.1)
  - PagingKit (1.18.1)
  - SDWebImage (5.12.3):
    - SDWebImage/Core (= 5.12.3)
  - SDWebImage/Core (5.12.3)
  - SideMenu (6.5.0)
  - Stripe (22.7.0):
    - Stripe/Stripe3DS2 (= 22.7.0)
    - StripeApplePay (= 22.7.0)
    - StripeCore (= 22.7.0)
    - StripeUICore (= 22.7.0)
  - Stripe/Stripe3DS2 (22.7.0):
    - StripeApplePay (= 22.7.0)
    - StripeCore (= 22.7.0)
    - StripeUICore (= 22.7.0)
  - StripeApplePay (22.7.0):
    - StripeCore (= 22.7.0)
  - StripeCore (22.7.0)
  - StripeUICore (22.7.0):
    - StripeCore (= 22.7.0)
  - TagListView (1.4.1)

DEPENDENCIES:
  - Alamofire (~> 5.0)
  - Cosmos
  - DPOTPView
  - FSCalendar
  - FSPagerView
  - GoogleSignIn
  - IQKeyboardManagerSwift
  - KeychainAccess
  - NVActivityIndicatorView
  - PagingKit
  - SDWebImage
  - SideMenu
  - Stripe
  - TagListView (~> 1.0)

SPEC REPOS:
  trunk:
    - Alamofire
    - AppAuth
    - Cosmos
    - DPOTPView
    - FSCalendar
    - FSPagerView
    - GoogleSignIn
    - GTMAppAuth
    - GTMSessionFetcher
    - IQKeyboardManagerSwift
    - KeychainAccess
    - NVActivityIndicatorView
    - PagingKit
    - SDWebImage
    - SideMenu
    - Stripe
    - StripeApplePay
    - StripeCore
    - StripeUICore
    - TagListView

SPEC CHECKSUMS:
  Alamofire: d368e1ff8a298e6dde360e35a3e68e6c610e7204
  AppAuth: 80317d99ac7ff2801a2f18ff86b48cd315ed465d
  Cosmos: b5c6a9a637e28a061b54c8f8b1d8529d7d4db73f
  DPOTPView: 28d8a0a84a2ff4b1e4a7712065aba1cbb14e2704
  FSCalendar: 2d1d0d9398f12d439f55c1fe0f01525b151b8260
  FSPagerView: 670405b2f18e2a87fa37f20b00de783e562c25a8
  GoogleSignIn: f4d3939cc0d9264d7509c4b9a924a6c987e30b54
  GTMAppAuth: 4d8f864896f3646f0c33baf38a28362f4c601e15
  GTMSessionFetcher: 5595ec75acf5be50814f81e9189490412bad82ba
  IQKeyboardManagerSwift: 6e839c575c4aa1078d58a596e41244e77abe918f
  KeychainAccess: c0c4f7f38f6fc7bbe58f5702e25f7bd2f65abf51
  NVActivityIndicatorView: 1f6c5687f1171810aa27a3296814dc2d7dec3667
  PagingKit: 0e7ec4e3791ab55887e129b27f7486a91b761129
  SDWebImage: 53179a2dba77246efa8a9b85f5c5b21f8f43e38f
  SideMenu: f583187d21c5b1dd04c72002be544b555a2627a2
  Stripe: 464637e1fe036d69343c8b62f96d38c98efc4584
  StripeApplePay: 19c54b75a272ec9d9b99f34cdec0a84cf64fad8c
  StripeCore: 42478ef61de37f1b85a4e1ac9d61bcf776bd2e2f
  StripeUICore: a8748e6c865f0b0e1e6bb767667f3b132977b033
  TagListView: a1c236d17960a0cf64156725a76ce6d73ebce2be

PODFILE CHECKSUM: 5c2c5c5078ef151c554d36548e843f8e0630cc2d

COCOAPODS: 1.11.3
